
Microsoft Visual Studio Solution File, Format Version 12.00
# Visual Studio Version 17
VisualStudioVersion = 17.13.35913.81 d17.13
MinimumVisualStudioVersion = 10.0.40219.1
Project("{FAE04EC0-301F-11D3-BF4B-00C04F79EFBC}") = "ProyectoGit", "ProyectoGit.csproj", "{31464FE9-9C10-4784-859C-99AF2705BEC0}"
EndProject
Global
	GlobalSection(SolutionConfigurationPlatforms) = preSolution
		Debug|Any CPU = Debug|Any CPU
		Release|Any CPU = Release|Any CPU
	EndGlobalSection
	GlobalSection(ProjectConfigurationPlatforms) = postSolution
		{31464FE9-9C10-4784-859C-99AF2705BEC0}.Debug|Any CPU.ActiveCfg = Debug|Any CPU
		{31464FE9-9C10-4784-859C-99AF2705BEC0}.Debug|Any CPU.Build.0 = Debug|Any CPU
		{31464FE9-9C10-4784-859C-99AF2705BEC0}.Release|Any CPU.ActiveCfg = Release|Any CPU
		{31464FE9-9C10-4784-859C-99AF2705BEC0}.Release|Any CPU.Build.0 = Release|Any CPU
	EndGlobalSection
	GlobalSection(SolutionProperties) = preSolution
		HideSolutionNode = FALSE
	EndGlobalSection
	GlobalSection(ExtensibilityGlobals) = postSolution
		SolutionGuid = {E2293FD4-A8D0-49E1-8495-C819B69DB9BB}
	EndGlobalSection
EndGlobal
